
Microsoft Visual Studio Solution File, Format Version 12.00
# Visual Studio 15
VisualStudioVersion = 15.0.27428.2027
MinimumVisualStudioVersion = 10.0.40219.1
Project("{FAE04EC0-301F-11D3-BF4B-00C04F79EFBC}") = "DelhiHomeService.Web.UI", "DelhiHomeService.Web.UI\DelhiHomeService.Web.UI.csproj", "{35F96392-6AA1-47ED-B41C-F6C2BA09EA55}"
EndProject
Project("{FAE04EC0-301F-11D3-BF4B-00C04F79EFBC}") = "DelhiHomeService.Models", "DelhiHomeService.Models\DelhiHomeService.Models.csproj", "{4BAACE3B-03FC-422E-A8CD-343A0B2A2964}"
EndProject
Project("{FAE04EC0-301F-11D3-BF4B-00C04F79EFBC}") = "DelhiHomeService.Data", "DelhiHomeService.Data\DelhiHomeService.Data.csproj", "{6DB743FC-2499-4E56-B9DE-E47FFED4B83B}"
EndProject
Global
	GlobalSection(SolutionConfigurationPlatforms) = preSolution
		Debug|Any CPU = Debug|Any CPU
		Release|Any CPU = Release|Any CPU
	EndGlobalSection
	GlobalSection(ProjectConfigurationPlatforms) = postSolution
		{35F96392-6AA1-47ED-B41C-F6C2BA09EA55}.Debug|Any CPU.ActiveCfg = Debug|Any CPU
		{35F96392-6AA1-47ED-B41C-F6C2BA09EA55}.Debug|Any CPU.Build.0 = Debug|Any CPU
		{35F96392-6AA1-47ED-B41C-F6C2BA09EA55}.Release|Any CPU.ActiveCfg = Release|Any CPU
		{35F96392-6AA1-47ED-B41C-F6C2BA09EA55}.Release|Any CPU.Build.0 = Release|Any CPU
		{4BAACE3B-03FC-422E-A8CD-343A0B2A2964}.Debug|Any CPU.ActiveCfg = Debug|Any CPU
		{4BAACE3B-03FC-422E-A8CD-343A0B2A2964}.Debug|Any CPU.Build.0 = Debug|Any CPU
		{4BAACE3B-03FC-422E-A8CD-343A0B2A2964}.Release|Any CPU.ActiveCfg = Release|Any CPU
		{4BAACE3B-03FC-422E-A8CD-343A0B2A2964}.Release|Any CPU.Build.0 = Release|Any CPU
		{6DB743FC-2499-4E56-B9DE-E47FFED4B83B}.Debug|Any CPU.ActiveCfg = Debug|Any CPU
		{6DB743FC-2499-4E56-B9DE-E47FFED4B83B}.Debug|Any CPU.Build.0 = Debug|Any CPU
		{6DB743FC-2499-4E56-B9DE-E47FFED4B83B}.Release|Any CPU.ActiveCfg = Release|Any CPU
		{6DB743FC-2499-4E56-B9DE-E47FFED4B83B}.Release|Any CPU.Build.0 = Release|Any CPU
	EndGlobalSection
	GlobalSection(SolutionProperties) = preSolution
		HideSolutionNode = FALSE
	EndGlobalSection
	GlobalSection(ExtensibilityGlobals) = postSolution
		SolutionGuid = {2B1F0535-3668-4FA3-9AF6-C928C7C59868}
	EndGlobalSection
EndGlobal
